{
  "originHash" : "aeaa7ede2dd1f97f15436ff6d84407bb12adfa70b492afd9ae7d2852c8d102c8",
  "pins" : [
    {
      "identity" : "capacitor-swift-pm",
      "kind" : "remoteSourceControl",
      "location" : "https://github.com/ionic-team/capacitor-swift-pm.git",
      "state" : {
        "revision" : "0e862e6ff13852a710c8a484180ca4d6a2cc9761",
        "version" : "8.2.0"
      }
    }
  ],
  "version" : 3
}
